<?xml version="1.0" encoding="utf-8"?>
<Project ToolsVersion="4.0" xmlns="http://schemas.microsoft.com/developer/msbuild/2003">
  <ItemGroup>
    <Filter Include="소스 파일">
      <UniqueIdentifier>{4FC737F1-C7A5-4376-A066-2A32D752A2FF}</UniqueIdentifier>
      <Extensions>cpp;c;cc;cxx;c++;cppm;ixx;def;odl;idl;hpj;bat;asm;asmx</Extensions>
    </Filter>
    <Filter Include="헤더 파일">
      <UniqueIdentifier>{93995380-89BD-4b04-88EB-625FBE52EBFB}</UniqueIdentifier>
      <Extensions>h;hh;hpp;hxx;h++;hm;inl;inc;ipp;xsd</Extensions>
    </Filter>
    <Filter Include="리소스 파일">
      <UniqueIdentifier>{67DA6AB6-F800-4c08-8B7A-83BB121AAD01}</UniqueIdentifier>
      <Extensions>rc;ico;cur;bmp;dlg;rc2;rct;bin;rgs;gif;jpg;jpeg;jpe;resx;tiff;tif;png;wav;mfcribbon-ms</Extensions>
    </Filter>
    <Filter Include="헤더 파일\Default">
      <UniqueIdentifier>{011eabee-8de1-4f41-874d-c0d3eda96c01}</UniqueIdentifier>
    </Filter>
    <Filter Include="Engine">
      <UniqueIdentifier>{90f30433-7e88-47d9-8904-bb2bf98687b5}</UniqueIdentifier>
    </Filter>
    <Filter Include="Engine\CCore">
      <UniqueIdentifier>{c986ceda-4b3c-444a-a9d9-46f8cb17b7e2}</UniqueIdentifier>
    </Filter>
    <Filter Include="Engine\CObject">
      <UniqueIdentifier>{cd5e78bd-2ea4-4499-8d78-8c4e40d9f263}</UniqueIdentifier>
    </Filter>
    <Filter Include="Engine\Managers">
      <UniqueIdentifier>{0d8b0656-4113-4d86-adbe-0f8a777d876c}</UniqueIdentifier>
    </Filter>
    <Filter Include="Engine\Managers\TimeMgr">
      <UniqueIdentifier>{f18e5477-1b02-4c12-bae7-784ec7c00834}</UniqueIdentifier>
    </Filter>
    <Filter Include="Engine\Managers\KeyMgr">
      <UniqueIdentifier>{8b2646de-58b3-41bd-a920-b69ff76d17e4}</UniqueIdentifier>
    </Filter>
    <Filter Include="Engine\Managers\PathMgr">
      <UniqueIdentifier>{424adc07-8fa7-4dcd-971a-6ab05e1a2672}</UniqueIdentifier>
    </Filter>
    <Filter Include="Engine\CComponent">
      <UniqueIdentifier>{d08982e7-5145-4786-acc9-0d8bf71d27a9}</UniqueIdentifier>
    </Filter>
    <Filter Include="Engine\CComponent\CCollider">
      <UniqueIdentifier>{fbd481d7-7ea9-4535-abed-f1016ede801d}</UniqueIdentifier>
    </Filter>
    <Filter Include="Engine\Managers\CCameraMgr">
      <UniqueIdentifier>{88563d03-4d6b-41d7-b492-9005ce1426f3}</UniqueIdentifier>
    </Filter>
    <Filter Include="Engine\Managers\CColliderMgr">
      <UniqueIdentifier>{f41077f9-2a15-4364-bbca-82d167fedf3e}</UniqueIdentifier>
    </Filter>
    <Filter Include="Engine\Managers\CEventMgr">
      <UniqueIdentifier>{f1fb4031-5ed7-4bc2-afc4-12c30544fc8b}</UniqueIdentifier>
    </Filter>
    <Filter Include="Engine\Managers\CResourceMgr">
      <UniqueIdentifier>{d0dbdc32-46f5-4139-b991-f3ffdcffce8b}</UniqueIdentifier>
    </Filter>
    <Filter Include="Engine\Managers\CSceneMgr">
      <UniqueIdentifier>{59bd7237-2d66-46f0-9186-b7d53738f417}</UniqueIdentifier>
    </Filter>
    <Filter Include="Engine\CResource">
      <UniqueIdentifier>{2774afbc-1c4a-40c5-889d-1dd4e4878666}</UniqueIdentifier>
    </Filter>
    <Filter Include="Engine\CResource\Texture">
      <UniqueIdentifier>{64b8c147-d65d-4320-b34a-366b45524e4b}</UniqueIdentifier>
    </Filter>
    <Filter Include="Engine\CResource\Sound">
      <UniqueIdentifier>{6152d665-b944-42c2-9d3b-e88ac8521b79}</UniqueIdentifier>
    </Filter>
    <Filter Include="Engine\CComponent\CAnimator">
      <UniqueIdentifier>{fa35f620-133e-4aee-b96a-c66527dd71a1}</UniqueIdentifier>
    </Filter>
    <Filter Include="Engine\CComponent\CAnimator\CAnimation">
      <UniqueIdentifier>{96965307-564a-47b6-8245-87202d8a617d}</UniqueIdentifier>
    </Filter>
    <Filter Include="Engine\CScene">
      <UniqueIdentifier>{3efa9071-00ea-4775-8572-15448eaf82c5}</UniqueIdentifier>
    </Filter>
    <Filter Include="Engine\CScene\CScene_Start">
      <UniqueIdentifier>{7c54ec23-724d-46b2-a267-b991688b337b}</UniqueIdentifier>
    </Filter>
    <Filter Include="Engine\CObject\CMap">
      <UniqueIdentifier>{bf209c12-9edb-42dd-9454-80f86db3fc5c}</UniqueIdentifier>
    </Filter>
    <Filter Include="Engine\CObject\CUI">
      <UniqueIdentifier>{2f758211-f44b-4f2e-9b05-00cf552b934e}</UniqueIdentifier>
    </Filter>
    <Filter Include="Engine\CObject\CUI\CPanelUI">
      <UniqueIdentifier>{947a5d62-283c-4926-8fd8-20b3abe23ce6}</UniqueIdentifier>
    </Filter>
    <Filter Include="Engine\CObject\CUI\CButtonUI">
      <UniqueIdentifier>{6de0fe21-ba8a-4692-b545-931b5963fd9b}</UniqueIdentifier>
    </Filter>
    <Filter Include="Engine\Managers\CUIMgr">
      <UniqueIdentifier>{132ddbaf-4a7e-4bdc-9603-0d1df856ff9b}</UniqueIdentifier>
    </Filter>
    <Filter Include="Engine\CObject\CTile">
      <UniqueIdentifier>{55e70a2d-e0b0-45a2-820d-a3e9f038bc52}</UniqueIdentifier>
    </Filter>
    <Filter Include="Engine\CScene\CScene_Tool">
      <UniqueIdentifier>{f1aad46c-c9e2-460f-b67f-67a1850c0180}</UniqueIdentifier>
    </Filter>
    <Filter Include="Engine\CObject\CUI\CPanelUI\CTileUI">
      <UniqueIdentifier>{d1f6aa4e-6804-40ef-b47a-812f2b766898}</UniqueIdentifier>
    </Filter>
    <Filter Include="Engine\Managers\PenMgr">
      <UniqueIdentifier>{d08823ca-506a-4301-aad8-84c3e79ee804}</UniqueIdentifier>
    </Filter>
    <Filter Include="Engine\CComponent\CRigidBody">
      <UniqueIdentifier>{6e9e34b1-9653-49ee-8c4d-7e17c827ded5}</UniqueIdentifier>
    </Filter>
    <Filter Include="Engine\CComponent\CCollider\LineCollider">
      <UniqueIdentifier>{2d27070b-09d8-4b3b-9c1b-713e9c59af5c}</UniqueIdentifier>
    </Filter>
    <Filter Include="Engine\CObject\Architecture">
      <UniqueIdentifier>{719cd07d-d981-4343-b700-0350e16d5b41}</UniqueIdentifier>
    </Filter>
    <Filter Include="Engine\CObject\Architecture\CFloor">
      <UniqueIdentifier>{dfbb5920-57d0-4440-b089-4394ac2edc8a}</UniqueIdentifier>
    </Filter>
    <Filter Include="Engine\CObject\Architecture\CFloor\CStair">
      <UniqueIdentifier>{0cb7d02b-3cc7-4f57-857f-0234386be48c}</UniqueIdentifier>
    </Filter>
    <Filter Include="Engine\CObject\Architecture\CWall">
      <UniqueIdentifier>{6389bf5a-3239-4855-9104-1b5d53f0f0d5}</UniqueIdentifier>
    </Filter>
    <Filter Include="Engine\CObject\Architecture\CFloor\CTopFloor">
      <UniqueIdentifier>{85cf1013-9055-4bbb-b932-a01aac5d6bcf}</UniqueIdentifier>
    </Filter>
    <Filter Include="Engine\CObject\Architecture\CFloor\CCeiling">
      <UniqueIdentifier>{f171fc79-5679-4b57-90f9-7efab7e0a0df}</UniqueIdentifier>
    </Filter>
    <Filter Include="Engine\CObject\CCursor">
      <UniqueIdentifier>{81bb4796-7d92-4fdf-a1fc-1dd0e5b1f4b1}</UniqueIdentifier>
    </Filter>
    <Filter Include="Engine\Managers\CNodeMgr">
      <UniqueIdentifier>{320f6077-93e3-4c11-a4ba-20a4c7b80332}</UniqueIdentifier>
    </Filter>
    <Filter Include="Engine\Managers\CNodeMgr\Node">
      <UniqueIdentifier>{eb8359e4-83c2-40a9-a46f-593ab02441b9}</UniqueIdentifier>
    </Filter>
    <Filter Include="Engine\CObject\CParticle">
      <UniqueIdentifier>{a4d42d84-298d-4624-a0cd-f977a3763b35}</UniqueIdentifier>
    </Filter>
    <Filter Include="Engine\CObject\CParticle\CParticleEmitor">
      <UniqueIdentifier>{8e0f2444-2588-4b57-b114-bc435bb1907c}</UniqueIdentifier>
    </Filter>
    <Filter Include="Engine\CObject\CParticle\DustcloudEmitor">
      <UniqueIdentifier>{b5860473-98ea-46f4-9150-e659b86d45de}</UniqueIdentifier>
    </Filter>
    <Filter Include="Engine\CObject\CParticle\DirtyWaterEmitor">
      <UniqueIdentifier>{f27fff03-4078-4c4e-b926-dda7f0f777d7}</UniqueIdentifier>
    </Filter>
    <Filter Include="Engine\CObject\CParticle\DirtyWaterEmitor\DirtyWater">
      <UniqueIdentifier>{0b91b5dc-cae1-4bd6-afa3-2be8b786771e}</UniqueIdentifier>
    </Filter>
    <Filter Include="Engine\CObject\CParticle\DustcloudEmitor\Dustcloud">
      <UniqueIdentifier>{42b80da4-56a1-4880-a11c-223ab043d75b}</UniqueIdentifier>
    </Filter>
    <Filter Include="Engine\CObject\CParticle\DustcloudEmitor\RunDustcloudEmitor">
      <UniqueIdentifier>{736d8d33-ac06-4484-91e1-98820fe832f4}</UniqueIdentifier>
    </Filter>
    <Filter Include="Engine\CObject\CParticle\CBloodEmitor">
      <UniqueIdentifier>{8c46f2b9-3bfc-4bb6-826b-16df31be25f7}</UniqueIdentifier>
    </Filter>
    <Filter Include="Engine\CObject\CParticle\CBloodEmitor\CBlood">
      <UniqueIdentifier>{964d16b0-938e-4ef9-a343-da2b63fff832}</UniqueIdentifier>
    </Filter>
    <Filter Include="Engine\CObject\CEffect">
      <UniqueIdentifier>{44de23a9-00b8-47f3-8ed2-19c2db23bc2c}</UniqueIdentifier>
    </Filter>
    <Filter Include="Engine\CObject\CEffect\CJumpCloud">
      <UniqueIdentifier>{784c8e61-cfac-430f-a929-244221e1aeff}</UniqueIdentifier>
    </Filter>
    <Filter Include="Engine\CObject\CEffect\CLandCloud">
      <UniqueIdentifier>{9602f26a-239d-4b94-9830-0236184d1f09}</UniqueIdentifier>
    </Filter>
    <Filter Include="Engine\CObject\Architecture\CFloor\CStair\CStairCensor">
      <UniqueIdentifier>{f5cccc43-6550-463a-8e39-8da906f9ddd2}</UniqueIdentifier>
    </Filter>
    <Filter Include="Engine\CObject\Architecture\CDoor">
      <UniqueIdentifier>{ebd251ea-eedc-4a80-b70f-f4600d00a64a}</UniqueIdentifier>
    </Filter>
    <Filter Include="Engine\CObject\Architecture\CDoor\CNormalDoor">
      <UniqueIdentifier>{979dc1de-8506-47be-a0ef-d2981533e7ce}</UniqueIdentifier>
    </Filter>
    <Filter Include="Engine\Managers\CollideMath">
      <UniqueIdentifier>{6748f5b7-2cc8-4d55-922b-5b9398e6d5b5}</UniqueIdentifier>
    </Filter>
    <Filter Include="Engine\CObject\CTrap">
      <UniqueIdentifier>{101cb1d7-b912-4548-817b-9d30a9697e07}</UniqueIdentifier>
    </Filter>
    <Filter Include="Engine\CObject\CTrap\CLaser">
      <UniqueIdentifier>{1ecb705b-01c3-4a35-908a-b22ebc437c34}</UniqueIdentifier>
    </Filter>
    <Filter Include="Engine\CObject\CEffect\HitEffect">
      <UniqueIdentifier>{5ceb2c2a-0514-4667-bced-b5534535f915}</UniqueIdentifier>
    </Filter>
    <Filter Include="Engine\Managers\CEffectMgr">
      <UniqueIdentifier>{f36a22d3-808c-4204-92c4-4584391b0d68}</UniqueIdentifier>
    </Filter>
    <Filter Include="Engine\CObject\CParticle\CLaserparticleEmitor">
      <UniqueIdentifier>{31c40716-1703-444b-a41a-a1cabbd4ff86}</UniqueIdentifier>
    </Filter>
    <Filter Include="Engine\CObject\CParticle\CLaserparticleEmitor\CLaserparticle">
      <UniqueIdentifier>{64e6498c-53a3-4484-802f-4fa1373e322b}</UniqueIdentifier>
    </Filter>
    <Filter Include="Engine\CObject\CAnimal">
      <UniqueIdentifier>{39845ef1-3960-4324-8796-1e16575800c4}</UniqueIdentifier>
    </Filter>
    <Filter Include="Engine\CObject\CAnimal\CPlayer">
      <UniqueIdentifier>{2a41a6bf-f4c4-4c85-a4c7-a5361eb18bdd}</UniqueIdentifier>
    </Filter>
    <Filter Include="Engine\CObject\CAnimal\CPlayer\CSword">
      <UniqueIdentifier>{4154fb31-8a36-4a38-99c5-88b8700eb8a0}</UniqueIdentifier>
    </Filter>
    <Filter Include="Engine\CObject\CAnimal\CPlayer\CGroundBreaker">
      <UniqueIdentifier>{3d29b59a-8c6b-4dc6-a9e5-b4d07a6253d9}</UniqueIdentifier>
    </Filter>
    <Filter Include="Engine\CObject\CAnimal\CPlayer\CDoorBreaker">
      <UniqueIdentifier>{3f23ceb1-e70c-42a2-8c19-1c1d6e59d02c}</UniqueIdentifier>
    </Filter>
    <Filter Include="Engine\CObject\CAnimal\CMonster">
      <UniqueIdentifier>{7794b50e-3f20-4216-a265-078ff9eb3382}</UniqueIdentifier>
    </Filter>
    <Filter Include="Engine\CObject\CAnimal\CMonster\CGrunt">
      <UniqueIdentifier>{1844fd26-663d-4f93-bdc3-51fbc707262b}</UniqueIdentifier>
    </Filter>
    <Filter Include="Engine\CObject\CAnimal\CMonster\CGrunt\CGruntFist">
      <UniqueIdentifier>{2f76f59b-7727-4320-b103-4a8b3235487c}</UniqueIdentifier>
    </Filter>
    <Filter Include="Engine\CObject\CAnimal\CMonster\CPomp">
      <UniqueIdentifier>{8df56f2d-3a90-4ff6-8004-4b2defe15c4b}</UniqueIdentifier>
    </Filter>
    <Filter Include="Engine\CObject\CAnimal\CMonster\CPomp\CPompStick">
      <UniqueIdentifier>{158f3252-c2a6-464a-986d-742af01bacb5}</UniqueIdentifier>
    </Filter>
    <Filter Include="Engine\CObject\CAnimal\CMonster\CGangster">
      <UniqueIdentifier>{3f71e771-a412-4de4-8f38-37b0610580ea}</UniqueIdentifier>
    </Filter>
    <Filter Include="Engine\CObject\CAnimal\CMonster\CGangster\CGangsterGun">
      <UniqueIdentifier>{472033fa-3f09-446b-8840-85f1f69ae746}</UniqueIdentifier>
    </Filter>
    <Filter Include="Engine\CObject\CAnimal\투사체">
      <UniqueIdentifier>{ce4f6e8c-9454-4345-9574-084396c70c5b}</UniqueIdentifier>
    </Filter>
    <Filter Include="Engine\CObject\CAnimal\투사체\CBullet">
      <UniqueIdentifier>{fc932409-75fd-4be8-90f8-faafd0640156}</UniqueIdentifier>
    </Filter>
    <Filter Include="Engine\Managers\CNeutalObjMgr">
      <UniqueIdentifier>{c73116bd-7f91-4574-a94f-f6572da53037}</UniqueIdentifier>
    </Filter>
    <Filter Include="Engine\CObject\CEffect\CGunSpark">
      <UniqueIdentifier>{08c75e7a-04ab-4204-aaa8-7c418837a52a}</UniqueIdentifier>
    </Filter>
    <Filter Include="Engine\CScene\CScene_Stage2">
      <UniqueIdentifier>{9df2190b-a193-4217-b83e-997ddf428c64}</UniqueIdentifier>
    </Filter>
    <Filter Include="Engine\CObject\Architecture\CWall\CWall_CantClimb">
      <UniqueIdentifier>{c5303af0-01dd-417e-9670-f023c6548a88}</UniqueIdentifier>
    </Filter>
    <Filter Include="Engine\CObject\Architecture\CWall\CWall_CantClimb\CWallDoor">
      <UniqueIdentifier>{3f9e10cc-d983-4947-a1aa-49caacc00c78}</UniqueIdentifier>
    </Filter>
    <Filter Include="Engine\CObject\Architecture\CDoor\CIronDoor">
      <UniqueIdentifier>{4cbb26f1-87c4-4f5a-86fa-ad114d8f711a}</UniqueIdentifier>
    </Filter>
    <Filter Include="Engine\CObject\CBackgroundObj">
      <UniqueIdentifier>{a9fef843-264f-4fbe-90e4-5e2cd14ecbdb}</UniqueIdentifier>
    </Filter>
    <Filter Include="Engine\CObject\CBackgroundObj\CTable">
      <UniqueIdentifier>{636ff1f3-6600-43fc-aecd-8a79f08c145b}</UniqueIdentifier>
    </Filter>
    <Filter Include="Engine\CObject\CWallCam">
      <UniqueIdentifier>{caf0c79f-fc4c-4211-9b93-585ba8a1ab58}</UniqueIdentifier>
    </Filter>
    <Filter Include="Engine\Managers\CMonsterPoolMgr">
      <UniqueIdentifier>{33db3e4a-4505-4136-a194-865225986256}</UniqueIdentifier>
    </Filter>
    <Filter Include="Engine\CObject\CAnimal\투사체\CKnife">
      <UniqueIdentifier>{07ad98d7-abef-4839-ae62-f42a5dd19ad4}</UniqueIdentifier>
    </Filter>
    <Filter Include="Engine\CObject\Architecture\CWall\CWall_CantClimb\CSmokeValve">
      <UniqueIdentifier>{94cc8fe7-db7d-483e-97f9-d19e2b341486}</UniqueIdentifier>
    </Filter>
    <Filter Include="Engine\CObject\CParticle\CSmokeEmitor">
      <UniqueIdentifier>{72cf1d7d-8145-47c3-a20f-e51e5964b476}</UniqueIdentifier>
    </Filter>
    <Filter Include="Engine\CObject\CParticle\CSmokeEmitor\CSmoke">
      <UniqueIdentifier>{1834be5a-8ea2-4293-836f-2d196bc077b0}</UniqueIdentifier>
    </Filter>
    <Filter Include="Engine\Managers\CParticleMgr">
      <UniqueIdentifier>{88984805-5b80-41ef-8558-d2cc06306e48}</UniqueIdentifier>
    </Filter>
    <Filter Include="Engine\CObject\CEffect\CBulletReflect">
      <UniqueIdentifier>{b81e69b3-6144-4f1f-8a63-28c6d3b7d695}</UniqueIdentifier>
    </Filter>
  </ItemGroup>
  <ItemGroup>
    <ClInclude Include="framework.h">
      <Filter>헤더 파일\Default</Filter>
    </ClInclude>
    <ClInclude Include="KatanaZero.h">
      <Filter>헤더 파일\Default</Filter>
    </ClInclude>
    <ClInclude Include="Resource.h">
      <Filter>헤더 파일\Default</Filter>
    </ClInclude>
    <ClInclude Include="targetver.h">
      <Filter>헤더 파일\Default</Filter>
    </ClInclude>
    <ClInclude Include="pch.h">
      <Filter>헤더 파일</Filter>
    </ClInclude>
    <ClInclude Include="define.h">
      <Filter>헤더 파일</Filter>
    </ClInclude>
    <ClInclude Include="CCore.h">
      <Filter>Engine\CCore</Filter>
    </ClInclude>
    <ClInclude Include="CObject.h">
      <Filter>Engine\CObject</Filter>
    </ClInclude>
    <ClInclude Include="TimeMgr.h">
      <Filter>Engine\Managers\TimeMgr</Filter>
    </ClInclude>
    <ClInclude Include="KeyMgr.h">
      <Filter>Engine\Managers\KeyMgr</Filter>
    </ClInclude>
    <ClInclude Include="PathMgr.h">
      <Filter>Engine\Managers\PathMgr</Filter>
    </ClInclude>
    <ClInclude Include="CComponent.h">
      <Filter>Engine\CComponent</Filter>
    </ClInclude>
    <ClInclude Include="CCollider.h">
      <Filter>Engine\CComponent\CCollider</Filter>
    </ClInclude>
    <ClInclude Include="CCameraMgr.h">
      <Filter>Engine\Managers\CCameraMgr</Filter>
    </ClInclude>
    <ClInclude Include="CColliderMgr.h">
      <Filter>Engine\Managers\CColliderMgr</Filter>
    </ClInclude>
    <ClInclude Include="CEventMgr.h">
      <Filter>Engine\Managers\CEventMgr</Filter>
    </ClInclude>
    <ClInclude Include="CResourceMgr.h">
      <Filter>Engine\Managers\CResourceMgr</Filter>
    </ClInclude>
    <ClInclude Include="CSceneMgr.h">
      <Filter>Engine\Managers\CSceneMgr</Filter>
    </ClInclude>
    <ClInclude Include="CResource.h">
      <Filter>Engine\CResource</Filter>
    </ClInclude>
    <ClInclude Include="CTexture.h">
      <Filter>Engine\CResource\Texture</Filter>
    </ClInclude>
    <ClInclude Include="CAnimator.h">
      <Filter>Engine\CComponent\CAnimator</Filter>
    </ClInclude>
    <ClInclude Include="CAnimation.h">
      <Filter>Engine\CComponent\CAnimator\CAnimation</Filter>
    </ClInclude>
    <ClInclude Include="CScene.h">
      <Filter>Engine\CScene</Filter>
    </ClInclude>
    <ClInclude Include="CScene_Start.h">
      <Filter>Engine\CScene\CScene_Start</Filter>
    </ClInclude>
    <ClInclude Include="CPlayer.h">
      <Filter>Engine\CObject\CAnimal\CPlayer</Filter>
    </ClInclude>
    <ClInclude Include="CMonster.h">
      <Filter>Engine\CObject\CAnimal\CMonster</Filter>
    </ClInclude>
    <ClInclude Include="CMap.h">
      <Filter>Engine\CObject\CMap</Filter>
    </ClInclude>
    <ClInclude Include="CSword.h">
      <Filter>Engine\CObject\CAnimal\CPlayer\CSword</Filter>
    </ClInclude>
    <ClInclude Include="CUI.h">
      <Filter>Engine\CObject\CUI</Filter>
    </ClInclude>
    <ClInclude Include="CPanelUI.h">
      <Filter>Engine\CObject\CUI\CPanelUI</Filter>
    </ClInclude>
    <ClInclude Include="CButtonUI.h">
      <Filter>Engine\CObject\CUI\CButtonUI</Filter>
    </ClInclude>
    <ClInclude Include="CUIMgr.h">
      <Filter>Engine\Managers\CUIMgr</Filter>
    </ClInclude>
    <ClInclude Include="CTile.h">
      <Filter>Engine\CObject\CTile</Filter>
    </ClInclude>
    <ClInclude Include="CScene_Tool.h">
      <Filter>Engine\CScene\CScene_Tool</Filter>
    </ClInclude>
    <ClInclude Include="CTileUI.h">
      <Filter>Engine\CObject\CUI\CPanelUI\CTileUI</Filter>
    </ClInclude>
    <ClInclude Include="PenMgr.h">
      <Filter>Engine\Managers\PenMgr</Filter>
    </ClInclude>
    <ClInclude Include="CRigidBody.h">
      <Filter>Engine\CComponent\CRigidBody</Filter>
    </ClInclude>
    <ClInclude Include="CFloor.h">
      <Filter>Engine\CObject\Architecture\CFloor</Filter>
    </ClInclude>
    <ClInclude Include="CLineCollider.h">
      <Filter>Engine\CComponent\CCollider\LineCollider</Filter>
    </ClInclude>
    <ClInclude Include="CStair.h">
      <Filter>Engine\CObject\Architecture\CFloor\CStair</Filter>
    </ClInclude>
    <ClInclude Include="CWall.h">
      <Filter>Engine\CObject\Architecture\CWall</Filter>
    </ClInclude>
    <ClInclude Include="CTopFloor.h">
      <Filter>Engine\CObject\Architecture\CFloor\CTopFloor</Filter>
    </ClInclude>
    <ClInclude Include="CFloorCeiling.h">
      <Filter>Engine\CObject\Architecture\CFloor\CCeiling</Filter>
    </ClInclude>
    <ClInclude Include="CGroundBreaker.h">
      <Filter>Engine\CObject\CAnimal\CPlayer\CGroundBreaker</Filter>
    </ClInclude>
    <ClInclude Include="CCursor.h">
      <Filter>Engine\CObject\CCursor</Filter>
    </ClInclude>
    <ClInclude Include="CNode.h">
      <Filter>Engine\Managers\CNodeMgr\Node</Filter>
    </ClInclude>
    <ClInclude Include="CNodeMgr.h">
      <Filter>Engine\Managers\CNodeMgr</Filter>
    </ClInclude>
    <ClInclude Include="CGrunt.h">
      <Filter>Engine\CObject\CAnimal\CMonster\CGrunt</Filter>
    </ClInclude>
    <ClInclude Include="CParticle.h">
      <Filter>Engine\CObject\CParticle</Filter>
    </ClInclude>
    <ClInclude Include="CParticleEmitor.h">
      <Filter>Engine\CObject\CParticle\CParticleEmitor</Filter>
    </ClInclude>
    <ClInclude Include="CDirtyWater.h">
      <Filter>Engine\CObject\CParticle\DirtyWaterEmitor\DirtyWater</Filter>
    </ClInclude>
    <ClInclude Include="CDirtyWaterEmitor.h">
      <Filter>Engine\CObject\CParticle\DirtyWaterEmitor</Filter>
    </ClInclude>
    <ClInclude Include="CDustcloud.h">
      <Filter>Engine\CObject\CParticle\DustcloudEmitor\Dustcloud</Filter>
    </ClInclude>
    <ClInclude Include="CDustcloudEmitor.h">
      <Filter>Engine\CObject\CParticle\DustcloudEmitor</Filter>
    </ClInclude>
    <ClInclude Include="CRunDustcloudEmitor.h">
      <Filter>Engine\CObject\CParticle\DustcloudEmitor\RunDustcloudEmitor</Filter>
    </ClInclude>
    <ClInclude Include="CBloodEmitor.h">
      <Filter>Engine\CObject\CParticle\CBloodEmitor</Filter>
    </ClInclude>
    <ClInclude Include="CBlood.h">
      <Filter>Engine\CObject\CParticle\CBloodEmitor\CBlood</Filter>
    </ClInclude>
    <ClInclude Include="CEffect.h">
      <Filter>Engine\CObject\CEffect</Filter>
    </ClInclude>
    <ClInclude Include="CJumpCloud.h">
      <Filter>Engine\CObject\CEffect\CJumpCloud</Filter>
    </ClInclude>
    <ClInclude Include="CLandCloud.h">
      <Filter>Engine\CObject\CEffect\CLandCloud</Filter>
    </ClInclude>
    <ClInclude Include="CStairCensor.h">
      <Filter>Engine\CObject\Architecture\CFloor\CStair\CStairCensor</Filter>
    </ClInclude>
    <ClInclude Include="CDoor.h">
      <Filter>Engine\CObject\Architecture\CDoor</Filter>
    </ClInclude>
    <ClInclude Include="CDoorBreaker.h">
      <Filter>Engine\CObject\CAnimal\CPlayer\CDoorBreaker</Filter>
    </ClInclude>
    <ClInclude Include="CNormalDoorRight.h">
      <Filter>Engine\CObject\Architecture\CDoor\CNormalDoor</Filter>
    </ClInclude>
    <ClInclude Include="CNormalDoorLeft.h">
      <Filter>Engine\CObject\Architecture\CDoor\CNormalDoor</Filter>
    </ClInclude>
    <ClInclude Include="CollisionMath.h">
      <Filter>Engine\Managers\CollideMath</Filter>
    </ClInclude>
    <ClInclude Include="CGruntFist.h">
      <Filter>Engine\CObject\CAnimal\CMonster\CGrunt\CGruntFist</Filter>
    </ClInclude>
    <ClInclude Include="CJumpCloudLeft.h">
      <Filter>Engine\CObject\CEffect\CJumpCloud</Filter>
    </ClInclude>
    <ClInclude Include="CJumpCloudRight.h">
      <Filter>Engine\CObject\CEffect\CJumpCloud</Filter>
    </ClInclude>
    <ClInclude Include="CLaser.h">
      <Filter>Engine\CObject\CTrap\CLaser</Filter>
    </ClInclude>
    <ClInclude Include="CHitEffect.h">
      <Filter>Engine\CObject\CEffect\HitEffect</Filter>
    </ClInclude>
    <ClInclude Include="CPomp.h">
      <Filter>Engine\CObject\CAnimal\CMonster\CPomp</Filter>
    </ClInclude>
    <ClInclude Include="CPompStick.h">
      <Filter>Engine\CObject\CAnimal\CMonster\CPomp\CPompStick</Filter>
    </ClInclude>
    <ClInclude Include="CEffectMgr.h">
      <Filter>Engine\Managers\CEffectMgr</Filter>
    </ClInclude>
    <ClInclude Include="CLaserParticle.h">
      <Filter>Engine\CObject\CParticle\CLaserparticleEmitor\CLaserparticle</Filter>
    </ClInclude>
    <ClInclude Include="CLaserparticleEmitor.h">
      <Filter>Engine\CObject\CParticle\CLaserparticleEmitor</Filter>
    </ClInclude>
    <ClInclude Include="CAnimal.h">
      <Filter>Engine\CObject\CAnimal</Filter>
    </ClInclude>
    <ClInclude Include="CGangster.h">
      <Filter>Engine\CObject\CAnimal\CMonster\CGangster</Filter>
    </ClInclude>
    <ClInclude Include="CGangsterGun.h">
      <Filter>Engine\CObject\CAnimal\CMonster\CGangster\CGangsterGun</Filter>
    </ClInclude>
    <ClInclude Include="CBullet.h">
      <Filter>Engine\CObject\CAnimal\투사체\CBullet</Filter>
    </ClInclude>
    <ClInclude Include="CArchitecture.h">
      <Filter>Engine\CObject\Architecture</Filter>
    </ClInclude>
    <ClInclude Include="CNeutralObjMgr.h">
      <Filter>Engine\Managers\CNeutalObjMgr</Filter>
    </ClInclude>
    <ClInclude Include="CGunSparkRight.h">
      <Filter>Engine\CObject\CEffect\CGunSpark</Filter>
    </ClInclude>
    <ClInclude Include="CGunSparkLeft.h">
      <Filter>Engine\CObject\CEffect\CGunSpark</Filter>
    </ClInclude>
    <ClInclude Include="CScene_Stage2.h">
      <Filter>Engine\CScene\CScene_Stage2</Filter>
    </ClInclude>
    <ClInclude Include="CWall_CantClimb.h">
      <Filter>Engine\CObject\Architecture\CWall\CWall_CantClimb</Filter>
    </ClInclude>
    <ClInclude Include="CWallDoor.h">
      <Filter>Engine\CObject\Architecture\CWall\CWall_CantClimb\CWallDoor</Filter>
    </ClInclude>
    <ClInclude Include="CIronDoorRight.h">
      <Filter>Engine\CObject\Architecture\CDoor\CIronDoor</Filter>
    </ClInclude>
    <ClInclude Include="CIronDoorLeft.h">
      <Filter>Engine\CObject\Architecture\CDoor\CIronDoor</Filter>
    </ClInclude>
    <ClInclude Include="CBackgroundObj.h">
      <Filter>Engine\CObject\CBackgroundObj</Filter>
    </ClInclude>
    <ClInclude Include="CTable.h">
      <Filter>Engine\CObject\CBackgroundObj\CTable</Filter>
    </ClInclude>
    <ClInclude Include="CWallCam.h">
      <Filter>Engine\CObject\CWallCam</Filter>
    </ClInclude>
    <ClInclude Include="CMonsterPoolMgr.h">
      <Filter>Engine\Managers\CMonsterPoolMgr</Filter>
    </ClInclude>
    <ClInclude Include="CKnife.h">
      <Filter>Engine\CObject\CAnimal\투사체\CKnife</Filter>
    </ClInclude>
    <ClInclude Include="ThrowingObj.h">
      <Filter>Engine\CObject\CAnimal\투사체</Filter>
    </ClInclude>
    <ClInclude Include="CSmokeValve.h">
      <Filter>Engine\CObject\Architecture\CWall\CWall_CantClimb\CSmokeValve</Filter>
    </ClInclude>
    <ClInclude Include="CSmoke.h">
      <Filter>Engine\CObject\CParticle\CSmokeEmitor\CSmoke</Filter>
    </ClInclude>
    <ClInclude Include="CSmokeEmitor.h">
      <Filter>Engine\CObject\CParticle\CSmokeEmitor</Filter>
    </ClInclude>
    <ClInclude Include="CParticleMgr.h">
      <Filter>Engine\Managers\CParticleMgr</Filter>
    </ClInclude>
    <ClInclude Include="CBulletReflect.h">
      <Filter>Engine\CObject\CEffect\CBulletReflect</Filter>
    </ClInclude>
  </ItemGroup>
  <ItemGroup>
    <ClCompile Include="KatanaZero.cpp">
      <Filter>소스 파일</Filter>
    </ClCompile>
    <ClCompile Include="pch.cpp">
      <Filter>헤더 파일</Filter>
    </ClCompile>
    <ClCompile Include="CCore.cpp">
      <Filter>Engine\CCore</Filter>
    </ClCompile>
    <ClCompile Include="CObject.cpp">
      <Filter>Engine\CObject</Filter>
    </ClCompile>
    <ClCompile Include="TimeMgr.cpp">
      <Filter>Engine\Managers\TimeMgr</Filter>
    </ClCompile>
    <ClCompile Include="KeyMgr.cpp">
      <Filter>Engine\Managers\KeyMgr</Filter>
    </ClCompile>
    <ClCompile Include="PathMgr.cpp">
      <Filter>Engine\Managers\PathMgr</Filter>
    </ClCompile>
    <ClCompile Include="CComponent.cpp">
      <Filter>Engine\CComponent</Filter>
    </ClCompile>
    <ClCompile Include="CCollider.cpp">
      <Filter>Engine\CComponent\CCollider</Filter>
    </ClCompile>
    <ClCompile Include="CCameraMgr.cpp">
      <Filter>Engine\Managers\CCameraMgr</Filter>
    </ClCompile>
    <ClCompile Include="CColliderMgr.cpp">
      <Filter>Engine\Managers\CColliderMgr</Filter>
    </ClCompile>
    <ClCompile Include="CEventMgr.cpp">
      <Filter>Engine\Managers\CEventMgr</Filter>
    </ClCompile>
    <ClCompile Include="CResourceMgr.cpp">
      <Filter>Engine\Managers\CResourceMgr</Filter>
    </ClCompile>
    <ClCompile Include="CSceneMgr.cpp">
      <Filter>Engine\Managers\CSceneMgr</Filter>
    </ClCompile>
    <ClCompile Include="CResource.cpp">
      <Filter>Engine\CResource</Filter>
    </ClCompile>
    <ClCompile Include="CTexture.cpp">
      <Filter>Engine\CResource\Texture</Filter>
    </ClCompile>
    <ClCompile Include="CAnimator.cpp">
      <Filter>Engine\CComponent\CAnimator</Filter>
    </ClCompile>
    <ClCompile Include="CAnimation.cpp">
      <Filter>Engine\CComponent\CAnimator\CAnimation</Filter>
    </ClCompile>
    <ClCompile Include="CScene.cpp">
      <Filter>Engine\CScene</Filter>
    </ClCompile>
    <ClCompile Include="CScene_Start.cpp">
      <Filter>Engine\CScene\CScene_Start</Filter>
    </ClCompile>
    <ClCompile Include="CPlayer.cpp">
      <Filter>Engine\CObject\CAnimal\CPlayer</Filter>
    </ClCompile>
    <ClCompile Include="CMonster.cpp">
      <Filter>Engine\CObject\CAnimal\CMonster</Filter>
    </ClCompile>
    <ClCompile Include="CMap.cpp">
      <Filter>Engine\CObject\CMap</Filter>
    </ClCompile>
    <ClCompile Include="CSword.cpp">
      <Filter>Engine\CObject\CAnimal\CPlayer\CSword</Filter>
    </ClCompile>
    <ClCompile Include="CUI.cpp">
      <Filter>Engine\CObject\CUI</Filter>
    </ClCompile>
    <ClCompile Include="CPanelUI.cpp">
      <Filter>Engine\CObject\CUI\CPanelUI</Filter>
    </ClCompile>
    <ClCompile Include="CButtonUI.cpp">
      <Filter>Engine\CObject\CUI\CButtonUI</Filter>
    </ClCompile>
    <ClCompile Include="CUIMgr.cpp">
      <Filter>Engine\Managers\CUIMgr</Filter>
    </ClCompile>
    <ClCompile Include="CTile.cpp">
      <Filter>Engine\CObject\CTile</Filter>
    </ClCompile>
    <ClCompile Include="CScene_Tool.cpp">
      <Filter>Engine\CScene\CScene_Tool</Filter>
    </ClCompile>
    <ClCompile Include="CTileUI.cpp">
      <Filter>Engine\CObject\CUI\CPanelUI\CTileUI</Filter>
    </ClCompile>
    <ClCompile Include="PenMgr.cpp">
      <Filter>Engine\Managers\PenMgr</Filter>
    </ClCompile>
    <ClCompile Include="CRigidBody.cpp">
      <Filter>Engine\CComponent\CRigidBody</Filter>
    </ClCompile>
    <ClCompile Include="CFloor.cpp">
      <Filter>Engine\CObject\Architecture\CFloor</Filter>
    </ClCompile>
    <ClCompile Include="CLineCollider.cpp">
      <Filter>Engine\CComponent\CCollider\LineCollider</Filter>
    </ClCompile>
    <ClCompile Include="CStair.cpp">
      <Filter>Engine\CObject\Architecture\CFloor\CStair</Filter>
    </ClCompile>
    <ClCompile Include="CWall.cpp">
      <Filter>Engine\CObject\Architecture\CWall</Filter>
    </ClCompile>
    <ClCompile Include="CTopFloor.cpp">
      <Filter>Engine\CObject\Architecture\CFloor\CTopFloor</Filter>
    </ClCompile>
    <ClCompile Include="CFloorCeiling.cpp">
      <Filter>Engine\CObject\Architecture\CFloor\CCeiling</Filter>
    </ClCompile>
    <ClCompile Include="CGroundBreaker.cpp">
      <Filter>Engine\CObject\CAnimal\CPlayer\CGroundBreaker</Filter>
    </ClCompile>
    <ClCompile Include="CCursor.cpp">
      <Filter>Engine\CObject\CCursor</Filter>
    </ClCompile>
    <ClCompile Include="CNode.cpp">
      <Filter>Engine\Managers\CNodeMgr\Node</Filter>
    </ClCompile>
    <ClCompile Include="CNodeMgr.cpp">
      <Filter>Engine\Managers\CNodeMgr</Filter>
    </ClCompile>
    <ClCompile Include="CGrunt.cpp">
      <Filter>Engine\CObject\CAnimal\CMonster\CGrunt</Filter>
    </ClCompile>
    <ClCompile Include="CParticle.cpp">
      <Filter>Engine\CObject\CParticle</Filter>
    </ClCompile>
    <ClCompile Include="CParticleEmitor.cpp">
      <Filter>Engine\CObject\CParticle\CParticleEmitor</Filter>
    </ClCompile>
    <ClCompile Include="CDirtyWater.cpp">
      <Filter>Engine\CObject\CParticle\DirtyWaterEmitor\DirtyWater</Filter>
    </ClCompile>
    <ClCompile Include="CDirtyWaterEmitor.cpp">
      <Filter>Engine\CObject\CParticle\DirtyWaterEmitor</Filter>
    </ClCompile>
    <ClCompile Include="CDustcloud.cpp">
      <Filter>Engine\CObject\CParticle\DustcloudEmitor\Dustcloud</Filter>
    </ClCompile>
    <ClCompile Include="CDustcloudEmitor.cpp">
      <Filter>Engine\CObject\CParticle\DustcloudEmitor</Filter>
    </ClCompile>
    <ClCompile Include="CRunDustcloudEmitor.cpp">
      <Filter>Engine\CObject\CParticle\DustcloudEmitor\RunDustcloudEmitor</Filter>
    </ClCompile>
    <ClCompile Include="CBloodEmitor.cpp">
      <Filter>Engine\CObject\CParticle\CBloodEmitor</Filter>
    </ClCompile>
    <ClCompile Include="CBlood.cpp">
      <Filter>Engine\CObject\CParticle\CBloodEmitor\CBlood</Filter>
    </ClCompile>
    <ClCompile Include="CEffect.cpp">
      <Filter>Engine\CObject\CEffect</Filter>
    </ClCompile>
    <ClCompile Include="CJumpCloud.cpp">
      <Filter>Engine\CObject\CEffect\CJumpCloud</Filter>
    </ClCompile>
    <ClCompile Include="CLandCloud.cpp">
      <Filter>Engine\CObject\CEffect\CLandCloud</Filter>
    </ClCompile>
    <ClCompile Include="CStairCensor.cpp">
      <Filter>Engine\CObject\Architecture\CFloor\CStair\CStairCensor</Filter>
    </ClCompile>
    <ClCompile Include="CDoor.cpp">
      <Filter>Engine\CObject\Architecture\CDoor</Filter>
    </ClCompile>
    <ClCompile Include="CDoorBreaker.cpp">
      <Filter>Engine\CObject\CAnimal\CPlayer\CDoorBreaker</Filter>
    </ClCompile>
    <ClCompile Include="CNormalDoorRight.cpp">
      <Filter>Engine\CObject\Architecture\CDoor\CNormalDoor</Filter>
    </ClCompile>
    <ClCompile Include="CNormalDoorLeft.cpp">
      <Filter>Engine\CObject\Architecture\CDoor\CNormalDoor</Filter>
    </ClCompile>
    <ClCompile Include="CollisionMath.cpp">
      <Filter>Engine\Managers\CollideMath</Filter>
    </ClCompile>
    <ClCompile Include="CGruntFist.cpp">
      <Filter>Engine\CObject\CAnimal\CMonster\CGrunt\CGruntFist</Filter>
    </ClCompile>
    <ClCompile Include="CJumpCloudLeft.cpp">
      <Filter>Engine\CObject\CEffect\CJumpCloud</Filter>
    </ClCompile>
    <ClCompile Include="CJumpCloudRight.cpp">
      <Filter>Engine\CObject\CEffect\CJumpCloud</Filter>
    </ClCompile>
    <ClCompile Include="CLaser.cpp">
      <Filter>Engine\CObject\CTrap\CLaser</Filter>
    </ClCompile>
    <ClCompile Include="CHitEffect.cpp">
      <Filter>Engine\CObject\CEffect\HitEffect</Filter>
    </ClCompile>
    <ClCompile Include="CPomp.cpp">
      <Filter>Engine\CObject\CAnimal\CMonster\CPomp</Filter>
    </ClCompile>
    <ClCompile Include="CPompStick.cpp">
      <Filter>Engine\CObject\CAnimal\CMonster\CPomp\CPompStick</Filter>
    </ClCompile>
    <ClCompile Include="CEffectMgr.cpp">
      <Filter>Engine\Managers\CEffectMgr</Filter>
    </ClCompile>
    <ClCompile Include="CLaserParticle.cpp">
      <Filter>Engine\CObject\CParticle\CLaserparticleEmitor\CLaserparticle</Filter>
    </ClCompile>
    <ClCompile Include="CLaserparticleEmitor.cpp">
      <Filter>Engine\CObject\CParticle\CLaserparticleEmitor</Filter>
    </ClCompile>
    <ClCompile Include="CAnimal.cpp">
      <Filter>Engine\CObject\CAnimal</Filter>
    </ClCompile>
    <ClCompile Include="CGangster.cpp">
      <Filter>Engine\CObject\CAnimal\CMonster\CGangster</Filter>
    </ClCompile>
    <ClCompile Include="CGangsterGun.cpp">
      <Filter>Engine\CObject\CAnimal\CMonster\CGangster\CGangsterGun</Filter>
    </ClCompile>
    <ClCompile Include="CBullet.cpp">
      <Filter>Engine\CObject\CAnimal\투사체\CBullet</Filter>
    </ClCompile>
    <ClCompile Include="CArchitecture.cpp">
      <Filter>Engine\CObject\Architecture</Filter>
    </ClCompile>
    <ClCompile Include="CNeutralObjMgr.cpp">
      <Filter>Engine\Managers\CNeutalObjMgr</Filter>
    </ClCompile>
    <ClCompile Include="CGunSparkRight.cpp">
      <Filter>Engine\CObject\CEffect\CGunSpark</Filter>
    </ClCompile>
    <ClCompile Include="CGunSparkLeft.cpp">
      <Filter>Engine\CObject\CEffect\CGunSpark</Filter>
    </ClCompile>
    <ClCompile Include="CScene_Stage2.cpp">
      <Filter>Engine\CScene\CScene_Stage2</Filter>
    </ClCompile>
    <ClCompile Include="CWall_CantClimb.cpp">
      <Filter>Engine\CObject\Architecture\CWall\CWall_CantClimb</Filter>
    </ClCompile>
    <ClCompile Include="CWallDoor.cpp">
      <Filter>Engine\CObject\Architecture\CWall\CWall_CantClimb\CWallDoor</Filter>
    </ClCompile>
    <ClCompile Include="CIronDoorRight.cpp">
      <Filter>Engine\CObject\Architecture\CDoor\CIronDoor</Filter>
    </ClCompile>
    <ClCompile Include="CIronDoorLeft.cpp">
      <Filter>Engine\CObject\Architecture\CDoor\CIronDoor</Filter>
    </ClCompile>
    <ClCompile Include="CBackgroundObj.cpp">
      <Filter>Engine\CObject\CBackgroundObj</Filter>
    </ClCompile>
    <ClCompile Include="CTable.cpp">
      <Filter>Engine\CObject\CBackgroundObj\CTable</Filter>
    </ClCompile>
    <ClCompile Include="CWallCam.cpp">
      <Filter>Engine\CObject\CWallCam</Filter>
    </ClCompile>
    <ClCompile Include="CMonsterPoolMgr.cpp">
      <Filter>Engine\Managers\CMonsterPoolMgr</Filter>
    </ClCompile>
    <ClCompile Include="CKnife.cpp">
      <Filter>Engine\CObject\CAnimal\투사체\CKnife</Filter>
    </ClCompile>
    <ClCompile Include="ThrowingObj.cpp">
      <Filter>Engine\CObject\CAnimal\투사체</Filter>
    </ClCompile>
    <ClCompile Include="CSmokeValve.cpp">
      <Filter>Engine\CObject\Architecture\CWall\CWall_CantClimb\CSmokeValve</Filter>
    </ClCompile>
    <ClCompile Include="CSmoke.cpp">
      <Filter>Engine\CObject\CParticle\CSmokeEmitor\CSmoke</Filter>
    </ClCompile>
    <ClCompile Include="CSmokeEmitor.cpp">
      <Filter>Engine\CObject\CParticle\CSmokeEmitor</Filter>
    </ClCompile>
    <ClCompile Include="CParticleMgr.cpp">
      <Filter>Engine\Managers\CParticleMgr</Filter>
    </ClCompile>
    <ClCompile Include="CBulletReflect.cpp">
      <Filter>Engine\CObject\CEffect\CBulletReflect</Filter>
    </ClCompile>
  </ItemGroup>
  <ItemGroup>
    <ResourceCompile Include="KatanaZero.rc">
      <Filter>리소스 파일</Filter>
    </ResourceCompile>
  </ItemGroup>
  <ItemGroup>
    <Image Include="small.ico">
      <Filter>리소스 파일</Filter>
    </Image>
    <Image Include="KatanaZero.ico">
      <Filter>리소스 파일</Filter>
    </Image>
  </ItemGroup>
</Project>